// !$*UTF8*$!
{
	archiveVersion = 1;
	classes = {
	};
	objectVersion = 50;
	objects = {

/* Begin PBXBuildFile section */
		3B18127B21E0602E001E52B1 /* AppDelegate.m in Sources */ = {isa = PBXBuildFile; fileRef = 3B18127A21E0602E001E52B1 /* AppDelegate.m */; };
		3B18127E21E0602E001E52B1 /* ViewController.m in Sources */ = {isa = PBXBuildFile; fileRef = 3B18127D21E0602E001E52B1 /* ViewController.m */; };
		3B18128121E0602E001E52B1 /* Main.storyboard in Resources */ = {isa = PBXBuildFile; fileRef = 3B18127F21E0602E001E52B1 /* Main.storyboard */; };
		3B18128321E0602F001E52B1 /* Assets.xcassets in Resources */ = {isa = PBXBuildFile; fileRef = 3B18128221E0602F001E52B1 /* Assets.xcassets */; };
		3B18128621E0602F001E52B1 /* LaunchScreen.storyboard in Resources */ = {isa = PBXBuildFile; fileRef = 3B18128421E0602F001E52B1 /* LaunchScreen.storyboard */; };
		3B18128921E0602F001E52B1 /* main.m in Sources */ = {isa = PBXBuildFile; fileRef = 3B18128821E0602F001E52B1 /* main.m */; };
		3B18129321E0602F001E52B1 /* navbarTests.m in Sources */ = {isa = PBXBuildFile; fileRef = 3B18129221E0602F001E52B1 /* navbarTests.m */; };
		3B18129E21E06030001E52B1 /* navbarUITests.m in Sources */ = {isa = PBXBuildFile; fileRef = 3B18129D21E06030001E52B1 /* navbarUITests.m */; };
/* End PBXBuildFile section */

/* Begin PBXContainerItemProxy section */
		3B18128F21E0602F001E52B1 /* PBXContainerItemProxy */ = {
			isa = PBXContainerItemProxy;
			containerPortal = 3B18126E21E0602E001E52B1 /* Project object */;
			proxyType = 1;
			remoteGlobalIDString = 3B18127521E0602E001E52B1;
			remoteInfo = navbar;
		};
		3B18129A21E0602F001E52B1 /* PBXContainerItemProxy */ = {
			isa = PBXContainerItemProxy;
			containerPortal = 3B18126E21E0602E001E52B1 /* Project object */;
			proxyType = 1;
			remoteGlobalIDString = 3B18127521E0602E001E52B1;
			remoteInfo = navbar;
		};
/* End PBXContainerItemProxy section */

/* Begin PBXFileReference section */
		3B18127621E0602E001E52B1 /* navbar.app */ = {isa = PBXFileReference; explicitFileType = wrapper.application; includeInIndex = 0; path = navbar.app; sourceTree = BUILT_PRODUCTS_DIR; };
		3B18127921E0602E001E52B1 /* AppDelegate.h */ = {isa = PBXFileReference; lastKnownFileType = sourcecode.c.h; path = AppDelegate.h; sourceTree = "<group>"; };
		3B18127A21E0602E001E52B1 /* AppDelegate.m */ = {isa = PBXFileReference; lastKnownFileType = sourcecode.c.objc; path = AppDelegate.m; sourceTree = "<group>"; };
		3B18127C21E0602E001E52B1 /* ViewController.h */ = {isa = PBXFileReference; lastKnownFileType = sourcecode.c.h; path = ViewController.h; sourceTree = "<group>"; };
		3B18127D21E0602E001E52B1 /* ViewController.m */ = {isa = PBXFileReference; lastKnownFileType = sourcecode.c.objc; path = ViewController.m; sourceTree = "<group>"; };
		3B18128021E0602E001E52B1 /* Base */ = {isa = PBXFileReference; lastKnownFileType = file.storyboard; name = Base; path = Base.lproj/Main.storyboard; sourceTree = "<group>"; };
		3B18128221E0602F001E52B1 /* Assets.xcassets */ = {isa = PBXFileReference; lastKnownFileType = folder.assetcatalog; path = Assets.xcassets; sourceTree = "<group>"; };
		3B18128521E0602F001E52B1 /* Base */ = {isa = PBXFileReference; lastKnownFileType = file.storyboard; name = Base; path = Base.lproj/LaunchScreen.storyboard; sourceTree = "<group>"; };
		3B18128721E0602F001E52B1 /* Info.plist */ = {isa = PBXFileReference; lastKnownFileType = text.plist.xml; path = Info.plist; sourceTree = "<group>"; };
		3B18128821E0602F001E52B1 /* main.m */ = {isa = PBXFileReference; lastKnownFileType = sourcecode.c.objc; path = main.m; sourceTree = "<group>"; };
		3B18128E21E0602F001E52B1 /* navbarTests.xctest */ = {isa = PBXFileReference; explicitFileType = wrapper.cfbundle; includeInIndex = 0; path = navbarTests.xctest; sourceTree = BUILT_PRODUCTS_DIR; };
		3B18129221E0602F001E52B1 /* navbarTests.m */ = {isa = PBXFileReference; lastKnownFileType = sourcecode.c.objc; path = navbarTests.m; sourceTree = "<group>"; };
		3B18129421E0602F001E52B1 /* Info.plist */ = {isa = PBXFileReference; lastKnownFileType = text.plist.xml; path = Info.plist; sourceTree = "<group>"; };
		3B18129921E0602F001E52B1 /* navbarUITests.xctest */ = {isa = PBXFileReference; explicitFileType = wrapper.cfbundle; includeInIndex = 0; path = navbarUITests.xctest; sourceTree = BUILT_PRODUCTS_DIR; };
		3B18129D21E06030001E52B1 /* navbarUITests.m */ = {isa = PBXFileReference; lastKnownFileType = sourcecode.c.objc; path = navbarUITests.m; sourceTree = "<group>"; };
		3B18129F21E06030001E52B1 /* Info.plist */ = {isa = PBXFileReference; lastKnownFileType = text.plist.xml; path = Info.plist; sourceTree = "<group>"; };
/* End PBXFileReference section */

/* Begin PBXFrameworksBuildPhase section */
		3B18127321E0602E001E52B1 /* Frameworks */ = {
			isa = PBXFrameworksBuildPhase;
			buildActionMask = 2147483647;
			files = (
			);
			runOnlyForDeploymentPostprocessing = 0;
		};
		3B18128B21E0602F001E52B1 /* Frameworks */ = {
			isa = PBXFrameworksBuildPhase;
			buildActionMask = 2147483647;
			files = (
			);
			runOnlyForDeploymentPostprocessing = 0;
		};
		3B18129621E0602F001E52B1 /* Frameworks */ = {
			isa = PBXFrameworksBuildPhase;
			buildActionMask = 2147483647;
			files = (
			);
			runOnlyForDeploymentPostprocessing = 0;
		};
/* End PBXFrameworksBuildPhase section */

/* Begin PBXGroup section */
		3B18126D21E0602E001E52B1 = {
			isa = PBXGroup;
			children = (
				3B18127821E0602E001E52B1 /* navbar */,
				3B18129121E0602F001E52B1 /* navbarTests */,
				3B18129C21E0602F001E52B1 /* navbarUITests */,
				3B18127721E0602E001E52B1 /* Products */,
			);
			sourceTree = "<group>";
		};
		3B18127721E0602E001E52B1 /* Products */ = {
			isa = PBXGroup;
			children = (
				3B18127621E0602E001E52B1 /* navbar.app */,
				3B18128E21E0602F001E52B1 /* navbarTests.xctest */,
				3B18129921E0602F001E52B1 /* navbarUITests.xctest */,
			);
			name = Products;
			sourceTree = "<group>";
		};
		3B18127821E0602E001E52B1 /* navbar */ = {
			isa = PBXGroup;
			children = (
				3B18127921E0602E001E52B1 /* AppDelegate.h */,
				3B18127A21E0602E001E52B1 /* AppDelegate.m */,
				3B18127C21E0602E001E52B1 /* ViewController.h */,
				3B18127D21E0602E001E52B1 /* ViewController.m */,
				3B18127F21E0602E001E52B1 /* Main.storyboard */,
				3B18128221E0602F001E52B1 /* Assets.xcassets */,
				3B18128421E0602F001E52B1 /* LaunchScreen.storyboard */,
				3B18128721E0602F001E52B1 /* Info.plist */,
				3B18128821E0602F001E52B1 /* main.m */,
			);
			path = navbar;
			sourceTree = "<group>";
		};
		3B18129121E0602F001E52B1 /* navbarTests */ = {
			isa = PBXGroup;
			children = (
				3B18129221E0602F001E52B1 /* navbarTests.m */,
				3B18129421E0602F001E52B1 /* Info.plist */,
			);
			path = navbarTests;
			sourceTree = "<group>";
		};
		3B18129C21E0602F001E52B1 /* navbarUITests */ = {
			isa = PBXGroup;
			children = (
				3B18129D21E06030001E52B1 /* navbarUITests.m */,
				3B18129F21E06030001E52B1 /* Info.plist */,
			);
			path = navbarUITests;
			sourceTree = "<group>";
		};
/* End PBXGroup section */

/* Begin PBXNativeTarget section */
		3B18127521E0602E001E52B1 /* navbar */ = {
			isa = PBXNativeTarget;
			buildConfigurationList = 3B1812A221E06030001E52B1 /* Build configuration list for PBXNativeTarget "navbar" */;
			buildPhases = (
				3B18127221E0602E001E52B1 /* Sources */,
				3B18127321E0602E001E52B1 /* Frameworks */,
				3B18127421E0602E001E52B1 /* Resources */,
			);
			buildRules = (
			);
			dependencies = (
			);
			name = navbar;
			productName = navbar;
			productReference = 3B18127621E0602E001E52B1 /* navbar.app */;
			productType = "com.apple.product-type.application";
		};
		3B18128D21E0602F001E52B1 /* navbarTests */ = {
			isa = PBXNativeTarget;
			buildConfigurationList = 3B1812A521E06030001E52B1 /* Build configuration list for PBXNativeTarget "navbarTests" */;
			buildPhases = (
				3B18128A21E0602F001E52B1 /* Sources */,
				3B18128B21E0602F001E52B1 /* Frameworks */,
				3B18128C21E0602F001E52B1 /* Resources */,
			);
			buildRules = (
			);
			dependencies = (
				3B18129021E0602F001E52B1 /* PBXTargetDependency */,
			);
			name = navbarTests;
			productName = navbarTests;
			productReference = 3B18128E21E0602F001E52B1 /* navbarTests.xctest */;
			productType = "com.apple.product-type.bundle.unit-test";
		};
		3B18129821E0602F001E52B1 /* navbarUITests */ = {
			isa = PBXNativeTarget;
			buildConfigurationList = 3B1812A821E06030001E52B1 /* Build configuration list for PBXNativeTarget "navbarUITests" */;
			buildPhases = (
				3B18129521E0602F001E52B1 /* Sources */,
				3B18129621E0602F001E52B1 /* Frameworks */,
				3B18129721E0602F001E52B1 /* Resources */,
			);
			buildRules = (
			);
			dependencies = (
				3B18129B21E0602F001E52B1 /* PBXTargetDependency */,
			);
			name = navbarUITests;
			productName = navbarUITests;
			productReference = 3B18129921E0602F001E52B1 /* navbarUITests.xctest */;
			productType = "com.apple.product-type.bundle.ui-testing";
		};
/* End PBXNativeTarget section */

/* Begin PBXProject section */
		3B18126E21E0602E001E52B1 /* Project object */ = {
			isa = PBXProject;
			attributes = {
				LastUpgradeCheck = 1010;
				ORGANIZATIONNAME = bapr;
				TargetAttributes = {
					3B18127521E0602E001E52B1 = {
						CreatedOnToolsVersion = 10.1;
					};
					3B18128D21E0602F001E52B1 = {
						CreatedOnToolsVersion = 10.1;
						TestTargetID = 3B18127521E0602E001E52B1;
					};
					3B18129821E0602F001E52B1 = {
						CreatedOnToolsVersion = 10.1;
						TestTargetID = 3B18127521E0602E001E52B1;
					};
				};
			};
			buildConfigurationList = 3B18127121E0602E001E52B1 /* Build configuration list for PBXProject "navbar" */;
			compatibilityVersion = "Xcode 9.3";
			developmentRegion = en;
			hasScannedForEncodings = 0;
			knownRegions = (
				en,
				Base,
			);
			mainGroup = 3B18126D21E0602E001E52B1;
			productRefGroup = 3B18127721E0602E001E52B1 /* Products */;
			projectDirPath = "";
			projectRoot = "";
			targets = (
				3B18127521E0602E001E52B1 /* navbar */,
				3B18128D21E0602F001E52B1 /* navbarTests */,
				3B18129821E0602F001E52B1 /* navbarUITests */,
			);
		};
/* End PBXProject section */

/* Begin PBXResourcesBuildPhase section */
		3B18127421E0602E001E52B1 /* Resources */ = {
			isa = PBXResourcesBuildPhase;
			buildActionMask = 2147483647;
			files = (
				3B18128621E0602F001E52B1 /* LaunchScreen.storyboard in Resources */,
				3B18128321E0602F001E52B1 /* Assets.xcassets in Resources */,
				3B18128121E0602E001E52B1 /* Main.storyboard in Resources */,
			);
			runOnlyForDeploymentPostprocessing = 0;
		};
		3B18128C21E0602F001E52B1 /* Resources */ = {
			isa = PBXResourcesBuildPhase;
			buildActionMask = 2147483647;
			files = (
			);
			runOnlyForDeploymentPostprocessing = 0;
		};
		3B18129721E0602F001E52B1 /* Resources */ = {
			isa = PBXResourcesBuildPhase;
			buildActionMask = 2147483647;
			files = (
			);
			runOnlyForDeploymentPostprocessing = 0;
		};
/* End PBXResourcesBuildPhase section */

/* Begin PBXSourcesBuildPhase section */
		3B18127221E0602E001E52B1 /* Sources */ = {
			isa = PBXSourcesBuildPhase;
			buildActionMask = 2147483647;
			files = (
				3B18127E21E0602E001E52B1 /* ViewController.m in Sources */,
				3B18128921E0602F001E52B1 /* main.m in Sources */,
				3B18127B21E0602E001E52B1 /* AppDelegate.m in Sources */,
			);
			runOnlyForDeploymentPostprocessing = 0;
		};
		3B18128A21E0602F001E52B1 /* Sources */ = {
			isa = PBXSourcesBuildPhase;
			buildActionMask = 2147483647;
			files = (
				3B18129321E0602F001E52B1 /* navbarTests.m in Sources */,
			);
			runOnlyForDeploymentPostprocessing = 0;
		};
		3B18129521E0602F001E52B1 /* Sources */ = {
			isa = PBXSourcesBuildPhase;
			buildActionMask = 2147483647;
			files = (
				3B18129E21E06030001E52B1 /* navbarUITests.m in Sources */,
			);
			runOnlyForDeploymentPostprocessing = 0;
		};
/* End PBXSourcesBuildPhase section */

/* Begin PBXTargetDependency section */
		3B18129021E0602F001E52B1 /* PBXTargetDependency */ = {
			isa = PBXTargetDependency;
			target = 3B18127521E0602E001E52B1 /* navbar */;
			targetProxy = 3B18128F21E0602F001E52B1 /* PBXContainerItemProxy */;
		};
		3B18129B21E0602F001E52B1 /* PBXTargetDependency */ = {
			isa = PBXTargetDependency;
			target = 3B18127521E0602E001E52B1 /* navbar */;
			targetProxy = 3B18129A21E0602F001E52B1 /* PBXContainerItemProxy */;
		};
/* End PBXTargetDependency section */

/* Begin PBXVariantGroup section */
		3B18127F21E0602E001E52B1 /* Main.storyboard */ = {
			isa = PBXVariantGroup;
			children = (
				3B18128021E0602E001E52B1 /* Base */,
			);
			name = Main.storyboard;
			sourceTree = "<group>";
		};
		3B18128421E0602F001E52B1 /* LaunchScreen.storyboard */ = {
			isa = PBXVariantGroup;
			children = (
				3B18128521E0602F001E52B1 /* Base */,
			);
			name = LaunchScreen.storyboard;
			sourceTree = "<group>";
		};
/* End PBXVariantGroup section */

/* Begin XCBuildConfiguration section */
		3B1812A021E06030001E52B1 /* Debug */ = {
			isa = XCBuildConfiguration;
			buildSettings = {
				ALWAYS_SEARCH_USER_PATHS = NO;
				CLANG_ANALYZER_NONNULL = YES;
				CLANG_ANALYZER_NUMBER_OBJECT_CONVERSION = YES_AGGRESSIVE;
				CLANG_CXX_LANGUAGE_STANDARD = "gnu++14";
				CLANG_CXX_LIBRARY = "libc++";
				CLANG_ENABLE_MODULES = YES;
				CLANG_ENABLE_OBJC_ARC = YES;
				CLANG_ENABLE_OBJC_WEAK = YES;
				CLANG_WARN_BLOCK_CAPTURE_AUTORELEASING = YES;
				CLANG_WARN_BOOL_CONVERSION = YES;
				CLANG_WARN_COMMA = YES;
				CLANG_WARN_CONSTANT_CONVERSION = YES;
				CLANG_WARN_DEPRECATED_OBJC_IMPLEMENTATIONS = YES;
				CLANG_WARN_DIRECT_OBJC_ISA_USAGE = YES_ERROR;
				CLANG_WARN_DOCUMENTATION_COMMENTS = YES;
				CLANG_WARN_EMPTY_BODY = YES;
				CLANG_WARN_ENUM_CONVERSION = YES;
				CLANG_WARN_INFINITE_RECURSION = YES;
				CLANG_WARN_INT_CONVERSION = YES;
				CLANG_WARN_NON_LITERAL_NULL_CONVERSION = YES;
				CLANG_WARN_OBJC_IMPLICIT_RETAIN_SELF = YES;
				CLANG_WARN_OBJC_LITERAL_CONVERSION = YES;
				CLANG_WARN_OBJC_ROOT_CLASS = YES_ERROR;
				CLANG_WARN_RANGE_LOOP_ANALYSIS = YES;
				CLANG_WARN_STRICT_PROTOTYPES = YES;
				CLANG_WARN_SUSPICIOUS_MOVE = YES;
				CLANG_WARN_UNGUARDED_AVAILABILITY = YES_AGGRESSIVE;
				CLANG_WARN_UNREACHABLE_CODE = YES;
				CLANG_WARN__DUPLICATE_METHOD_MATCH = YES;
				CODE_SIGN_IDENTITY = "iPhone Developer";
				COPY_PHASE_STRIP = NO;
				DEBUG_INFORMATION_FORMAT = dwarf;
				ENABLE_STRICT_OBJC_MSGSEND = YES;
				ENABLE_TESTABILITY = YES;
				GCC_C_LANGUAGE_STANDARD = gnu11;
				GCC_DYNAMIC_NO_PIC = NO;
				GCC_NO_COMMON_BLOCKS = YES;
				GCC_OPTIMIZATION_LEVEL = 0;
				GCC_PREPROCESSOR_DEFINITIONS = (
					"DEBUG=1",
					"$(inherited)",
				);
				GCC_WARN_64_TO_32_BIT_CONVERSION = YES;
				GCC_WARN_ABOUT_RETURN_TYPE = YES_ERROR;
				GCC_WARN_UNDECLARED_SELECTOR = YES;
				GCC_WARN_UNINITIALIZED_AUTOS = YES_AGGRESSIVE;
				GCC_WARN_UNUSED_FUNCTION = YES;
				GCC_WARN_UNUSED_VARIABLE = YES;
				IPHONEOS_DEPLOYMENT_TARGET = 12.1;
				MTL_ENABLE_DEBUG_INFO = INCLUDE_SOURCE;
				MTL_FAST_MATH = YES;
				ONLY_ACTIVE_ARCH = YES;
				SDKROOT = iphoneos;
			};
			name = Debug;
		};
		3B1812A121E06030001E52B1 /* Release */ = {
			isa = XCBuildConfiguration;
			buildSettings = {
				ALWAYS_SEARCH_USER_PATHS = NO;
				CLANG_ANALYZER_NONNULL = YES;
				CLANG_ANALYZER_NUMBER_OBJECT_CONVERSION = YES_AGGRESSIVE;
				CLANG_CXX_LANGUAGE_STANDARD = "gnu++14";
				CLANG_CXX_LIBRARY = "libc++";
				CLANG_ENABLE_MODULES = YES;
				CLANG_ENABLE_OBJC_ARC = YES;
				CLANG_ENABLE_OBJC_WEAK = YES;
				CLANG_WARN_BLOCK_CAPTURE_AUTORELEASING = YES;
				CLANG_WARN_BOOL_CONVERSION = YES;
				CLANG_WARN_COMMA = YES;
				CLANG_WARN_CONSTANT_CONVERSION = YES;
				CLANG_WARN_DEPRECATED_OBJC_IMPLEMENTATIONS = YES;
				CLANG_WARN_DIRECT_OBJC_ISA_USAGE = YES_ERROR;
				CLANG_WARN_DOCUMENTATION_COMMENTS = YES;
				CLANG_WARN_EMPTY_BODY = YES;
				CLANG_WARN_ENUM_CONVERSION = YES;
				CLANG_WARN_INFINITE_RECURSION = YES;
				CLANG_WARN_INT_CONVERSION = YES;
				CLANG_WARN_NON_LITERAL_NULL_CONVERSION = YES;
				CLANG_WARN_OBJC_IMPLICIT_RETAIN_SELF = YES;
				CLANG_WARN_OBJC_LITERAL_CONVERSION = YES;
				CLANG_WARN_OBJC_ROOT_CLASS = YES_ERROR;
				CLANG_WARN_RANGE_LOOP_ANALYSIS = YES;
				CLANG_WARN_STRICT_PROTOTYPES = YES;
				CLANG_WARN_SUSPICIOUS_MOVE = YES;
				CLANG_WARN_UNGUARDED_AVAILABILITY = YES_AGGRESSIVE;
				CLANG_WARN_UNREACHABLE_CODE = YES;
				CLANG_WARN__DUPLICATE_METHOD_MATCH = YES;
				CODE_SIGN_IDENTITY = "iPhone Developer";
				COPY_PHASE_STRIP = NO;
				DEBUG_INFORMATION_FORMAT = "dwarf-with-dsym";
				ENABLE_NS_ASSERTIONS = NO;
				ENABLE_STRICT_OBJC_MSGSEND = YES;
				GCC_C_LANGUAGE_STANDARD = gnu11;
				GCC_NO_COMMON_BLOCKS = YES;
				GCC_WARN_64_TO_32_BIT_CONVERSION = YES;
				GCC_WARN_ABOUT_RETURN_TYPE = YES_ERROR;
				GCC_WARN_UNDECLARED_SELECTOR = YES;
				GCC_WARN_UNINITIALIZED_AUTOS = YES_AGGRESSIVE;
				GCC_WARN_UNUSED_FUNCTION = YES;
				GCC_WARN_UNUSED_VARIABLE = YES;
				IPHONEOS_DEPLOYMENT_TARGET = 12.1;
				MTL_ENABLE_DEBUG_INFO = NO;
				MTL_FAST_MATH = YES;
				SDKROOT = iphoneos;
				VALIDATE_PRODUCT = YES;
			};
			name = Release;
		};
		3B1812A321E06030001E52B1 /* Debug */ = {
			isa = XCBuildConfiguration;
			buildSettings = {
				ASSETCATALOG_COMPILER_APPICON_NAME = AppIcon;
				CODE_SIGN_STYLE = Automatic;
				DEVELOPMENT_TEAM = W7992D8J2U;
				INFOPLIST_FILE = navbar/Info.plist;
				LD_RUNPATH_SEARCH_PATHS = (
					"$(inherited)",
					"@executable_path/Frameworks",
				);
				PRODUCT_BUNDLE_IDENTIFIER = bapr.navbar;
				PRODUCT_NAME = "$(TARGET_NAME)";
				TARGETED_DEVICE_FAMILY = "1,2";
			};
			name = Debug;
		};
		3B1812A421E06030001E52B1 /* Release */ = {
			isa = XCBuildConfiguration;
			buildSettings = {
				ASSETCATALOG_COMPILER_APPICON_NAME = AppIcon;
				CODE_SIGN_STYLE = Automatic;
				DEVELOPMENT_TEAM = W7992D8J2U;
				INFOPLIST_FILE = navbar/Info.plist;
				LD_RUNPATH_SEARCH_PATHS = (
					"$(inherited)",
					"@executable_path/Frameworks",
				);
				PRODUCT_BUNDLE_IDENTIFIER = bapr.navbar;
				PRODUCT_NAME = "$(TARGET_NAME)";
				TARGETED_DEVICE_FAMILY = "1,2";
			};
			name = Release;
		};
		3B1812A621E06030001E52B1 /* Debug */ = {
			isa = XCBuildConfiguration;
			buildSettings = {
				BUNDLE_LOADER = "$(TEST_HOST)";
				CODE_SIGN_STYLE = Automatic;
				DEVELOPMENT_TEAM = W7992D8J2U;
				INFOPLIST_FILE = navbarTests/Info.plist;
				LD_RUNPATH_SEARCH_PATHS = (
					"$(inherited)",
					"@executable_path/Frameworks",
					"@loader_path/Frameworks",
				);
				PRODUCT_BUNDLE_IDENTIFIER = bapr.navbarTests;
				PRODUCT_NAME = "$(TARGET_NAME)";
				TARGETED_DEVICE_FAMILY = "1,2";
				TEST_HOST = "$(BUILT_PRODUCTS_DIR)/navbar.app/navbar";
			};
			name = Debug;
		};
		3B1812A721E06030001E52B1 /* Release */ = {
			isa = XCBuildConfiguration;
			buildSettings = {
				BUNDLE_LOADER = "$(TEST_HOST)";
				CODE_SIGN_STYLE = Automatic;
				DEVELOPMENT_TEAM = W7992D8J2U;
				INFOPLIST_FILE = navbarTests/Info.plist;
				LD_RUNPATH_SEARCH_PATHS = (
					"$(inherited)",
					"@executable_path/Frameworks",
					"@loader_path/Frameworks",
				);
				PRODUCT_BUNDLE_IDENTIFIER = bapr.navbarTests;
				PRODUCT_NAME = "$(TARGET_NAME)";
				TARGETED_DEVICE_FAMILY = "1,2";
				TEST_HOST = "$(BUILT_PRODUCTS_DIR)/navbar.app/navbar";
			};
			name = Release;
		};
		3B1812A921E06030001E52B1 /* Debug */ = {
			isa = XCBuildConfiguration;
			buildSettings = {
				CODE_SIGN_STYLE = Automatic;
				DEVELOPMENT_TEAM = W7992D8J2U;
				INFOPLIST_FILE = navbarUITests/Info.plist;
				LD_RUNPATH_SEARCH_PATHS = (
					"$(inherited)",
					"@executable_path/Frameworks",
					"@loader_path/Frameworks",
				);
				PRODUCT_BUNDLE_IDENTIFIER = bapr.navbarUITests;
				PRODUCT_NAME = "$(TARGET_NAME)";
				TARGETED_DEVICE_FAMILY = "1,2";
				TEST_TARGET_NAME = navbar;
			};
			name = Debug;
		};
		3B1812AA21E06030001E52B1 /* Release */ = {
			isa = XCBuildConfiguration;
			buildSettings = {
				CODE_SIGN_STYLE = Automatic;
				DEVELOPMENT_TEAM = W7992D8J2U;
				INFOPLIST_FILE = navbarUITests/Info.plist;
				LD_RUNPATH_SEARCH_PATHS = (
					"$(inherited)",
					"@executable_path/Frameworks",
					"@loader_path/Frameworks",
				);
				PRODUCT_BUNDLE_IDENTIFIER = bapr.navbarUITests;
				PRODUCT_NAME = "$(TARGET_NAME)";
				TARGETED_DEVICE_FAMILY = "1,2";
				TEST_TARGET_NAME = navbar;
			};
			name = Release;
		};
/* End XCBuildConfiguration section */

/* Begin XCConfigurationList section */
		3B18127121E0602E001E52B1 /* Build configuration list for PBXProject "navbar" */ = {
			isa = XCConfigurationList;
			buildConfigurations = (
				3B1812A021E06030001E52B1 /* Debug */,
				3B1812A121E06030001E52B1 /* Release */,
			);
			defaultConfigurationIsVisible = 0;
			defaultConfigurationName = Release;
		};
		3B1812A221E06030001E52B1 /* Build configuration list for PBXNativeTarget "navbar" */ = {
			isa = XCConfigurationList;
			buildConfigurations = (
				3B1812A321E06030001E52B1 /* Debug */,
				3B1812A421E06030001E52B1 /* Release */,
			);
			defaultConfigurationIsVisible = 0;
			defaultConfigurationName = Release;
		};
		3B1812A521E06030001E52B1 /* Build configuration list for PBXNativeTarget "navbarTests" */ = {
			isa = XCConfigurationList;
			buildConfigurations = (
				3B1812A621E06030001E52B1 /* Debug */,
				3B1812A721E06030001E52B1 /* Release */,
			);
			defaultConfigurationIsVisible = 0;
			defaultConfigurationName = Release;
		};
		3B1812A821E06030001E52B1 /* Build configuration list for PBXNativeTarget "navbarUITests" */ = {
			isa = XCConfigurationList;
			buildConfigurations = (
				3B1812A921E06030001E52B1 /* Debug */,
				3B1812AA21E06030001E52B1 /* Release */,
			);
			defaultConfigurationIsVisible = 0;
			defaultConfigurationName = Release;
		};
/* End XCConfigurationList section */
	};
	rootObject = 3B18126E21E0602E001E52B1 /* Project object */;
}
